
Microsoft Visual Studio Solution File, Format Version 12.00
# Visual Studio Version 16
VisualStudioVersion = 16.0.30523.141
MinimumVisualStudioVersion = 10.0.40219.1
Project("{FAE04EC0-301F-11D3-BF4B-00C04F79EFBC}") = "Horary2", "Horary2\Horary2.csproj", "{7A3D67A0-F96F-450B-834E-FA159111A52E}"
EndProject
Global
	GlobalSection(SolutionConfigurationPlatforms) = preSolution
		Debug|Any CPU = Debug|Any CPU
		Release|Any CPU = Release|Any CPU
	EndGlobalSection
	GlobalSection(ProjectConfigurationPlatforms) = postSolution
		{7A3D67A0-F96F-450B-834E-FA159111A52E}.Debug|Any CPU.ActiveCfg = Debug|Any CPU
		{7A3D67A0-F96F-450B-834E-FA159111A52E}.Debug|Any CPU.Build.0 = Debug|Any CPU
		{7A3D67A0-F96F-450B-834E-FA159111A52E}.Release|Any CPU.ActiveCfg = Release|Any CPU
		{7A3D67A0-F96F-450B-834E-FA159111A52E}.Release|Any CPU.Build.0 = Release|Any CPU
	EndGlobalSection
	GlobalSection(SolutionProperties) = preSolution
		HideSolutionNode = FALSE
	EndGlobalSection
	GlobalSection(ExtensibilityGlobals) = postSolution
		SolutionGuid = {30E8388F-C22C-466D-B17E-E9425F0E5AE2}
	EndGlobalSection
EndGlobal
